
Microsoft Visual Studio Solution File, Format Version 11.00
# Visual Studio 2010
Project("{8BC9CEB8-8B4A-11D0-8D11-00A0C91BC942}") = "qdraw", "qdraw\qdraw.vcxproj", "{B9C4FCF3-07B0-480A-87CD-0ADF9C29BCA8}"
EndProject
Global
	GlobalSection(SolutionConfigurationPlatforms) = preSolution
		Debug|Win32 = Debug|Win32
		Release|Win32 = Release|Win32
	EndGlobalSection
	GlobalSection(ProjectConfigurationPlatforms) = postSolution
		{B9C4FCF3-07B0-480A-87CD-0ADF9C29BCA8}.Debug|Win32.ActiveCfg = Debug|Win32
		{B9C4FCF3-07B0-480A-87CD-0ADF9C29BCA8}.Debug|Win32.Build.0 = Debug|Win32
		{B9C4FCF3-07B0-480A-87CD-0ADF9C29BCA8}.Release|Win32.ActiveCfg = Release|Win32
		{B9C4FCF3-07B0-480A-87CD-0ADF9C29BCA8}.Release|Win32.Build.0 = Release|Win32
	EndGlobalSection
	GlobalSection(SolutionProperties) = preSolution
		HideSolutionNode = FALSE
	EndGlobalSection
EndGlobal
